Microsoft Visual Studio Solution File, Format Version 12.00
# Visual Studio Version 17
VisualStudioVersion = 17.5.2.0
MinimumVisualStudioVersion = 10.0.40219.1
Project("{FAE04EC0-301F-11D3-BF4B-00C04F79EFBC}") = "PropertyManager", "PropertyManager\PropertyManager.csproj", "{D8189BBE-CE2A-9E36-3D33-049868C3FA11}"
EndProject
Global
	GlobalSection(SolutionConfigurationPlatforms) = preSolution
		Debug|Any CPU = Debug|Any CPU
		Release|Any CPU = Release|Any CPU
	EndGlobalSection
	GlobalSection(ProjectConfigurationPlatforms) = postSolution
		{D8189BBE-CE2A-9E36-3D33-049868C3FA11}.Debug|Any CPU.ActiveCfg = Debug|Any CPU
		{D8189BBE-CE2A-9E36-3D33-049868C3FA11}.Debug|Any CPU.Build.0 = Debug|Any CPU
		{D8189BBE-CE2A-9E36-3D33-049868C3FA11}.Release|Any CPU.ActiveCfg = Release|Any CPU
		{D8189BBE-CE2A-9E36-3D33-049868C3FA11}.Release|Any CPU.Build.0 = Release|Any CPU
	EndGlobalSection
	GlobalSection(SolutionProperties) = preSolution
		HideSolutionNode = FALSE
	EndGlobalSection
	GlobalSection(ExtensibilityGlobals) = postSolution
		SolutionGuid = {2ECD3352-2F36-4554-9F9B-02992AE35442}
	EndGlobalSection
EndGlobal
